// !$*UTF8*$!
{
	archiveVersion = 1;
	classes = {
	};
	objectVersion = 55;
	objects = {

/* Begin PBXBuildFile section */
		100AEB97272DA89700C82203 /* AppDelegate.swift in Sources */ = {isa = PBXBuildFile; fileRef = 100AEB96272DA89700C82203 /* AppDelegate.swift */; };
		100AEB99272DA89700C82203 /* SceneDelegate.swift in Sources */ = {isa = PBXBuildFile; fileRef = 100AEB98272DA89700C82203 /* SceneDelegate.swift */; };
		100AEB9B272DA89700C82203 /* TodayForecastViewController.swift in Sources */ = {isa = PBXBuildFile; fileRef = 100AEB9A272DA89700C82203 /* TodayForecastViewController.swift */; };
		100AEB9E272DA89700C82203 /* Main.storyboard in Resources */ = {isa = PBXBuildFile; fileRef = 100AEB9C272DA89700C82203 /* Main.storyboard */; };
		100AEBA0272DA89800C82203 /* Assets.xcassets in Resources */ = {isa = PBXBuildFile; fileRef = 100AEB9F272DA89800C82203 /* Assets.xcassets */; };
		100AEBA3272DA89800C82203 /* LaunchScreen.storyboard in Resources */ = {isa = PBXBuildFile; fileRef = 100AEBA1272DA89800C82203 /* LaunchScreen.storyboard */; };
		100AEBAB272DB35B00C82203 /* WeekForecastViewController.swift in Sources */ = {isa = PBXBuildFile; fileRef = 100AEBAA272DB35B00C82203 /* WeekForecastViewController.swift */; };
		10164549272FBF6100168049 /* CustomTableViewCell.swift in Sources */ = {isa = PBXBuildFile; fileRef = 10164547272FBF6100168049 /* CustomTableViewCell.swift */; };
		1016454A272FBF6100168049 /* CustomTableViewCell.xib in Resources */ = {isa = PBXBuildFile; fileRef = 10164548272FBF6100168049 /* CustomTableViewCell.xib */; };
		10AD218A272F1A4800F1FDAD /* WeatherManager.swift in Sources */ = {isa = PBXBuildFile; fileRef = 10AD2189272F1A4800F1FDAD /* WeatherManager.swift */; };
		10AD218D272F1A7800F1FDAD /* WeatherData.swift in Sources */ = {isa = PBXBuildFile; fileRef = 10AD218C272F1A7800F1FDAD /* WeatherData.swift */; };
		10AD218F272F1A8F00F1FDAD /* WeatherModel.swift in Sources */ = {isa = PBXBuildFile; fileRef = 10AD218E272F1A8F00F1FDAD /* WeatherModel.swift */; };
/* End PBXBuildFile section */

/* Begin PBXFileReference section */
		100AEB93272DA89700C82203 /* ClearWeather.app */ = {isa = PBXFileReference; explicitFileType = wrapper.application; includeInIndex = 0; path = ClearWeather.app; sourceTree = BUILT_PRODUCTS_DIR; };
		100AEB96272DA89700C82203 /* AppDelegate.swift */ = {isa = PBXFileReference; lastKnownFileType = sourcecode.swift; path = AppDelegate.swift; sourceTree = "<group>"; };
		100AEB98272DA89700C82203 /* SceneDelegate.swift */ = {isa = PBXFileReference; lastKnownFileType = sourcecode.swift; path = SceneDelegate.swift; sourceTree = "<group>"; };
		100AEB9A272DA89700C82203 /* TodayForecastViewController.swift */ = {isa = PBXFileReference; lastKnownFileType = sourcecode.swift; path = TodayForecastViewController.swift; sourceTree = "<group>"; };
		100AEB9D272DA89700C82203 /* Base */ = {isa = PBXFileReference; lastKnownFileType = file.storyboard; name = Base; path = Base.lproj/Main.storyboard; sourceTree = "<group>"; };
		100AEB9F272DA89800C82203 /* Assets.xcassets */ = {isa = PBXFileReference; lastKnownFileType = folder.assetcatalog; path = Assets.xcassets; sourceTree = "<group>"; };
		100AEBA2272DA89800C82203 /* Base */ = {isa = PBXFileReference; lastKnownFileType = file.storyboard; name = Base; path = Base.lproj/LaunchScreen.storyboard; sourceTree = "<group>"; };
		100AEBA4272DA89800C82203 /* Info.plist */ = {isa = PBXFileReference; lastKnownFileType = text.plist.xml; path = Info.plist; sourceTree = "<group>"; };
		100AEBAA272DB35B00C82203 /* WeekForecastViewController.swift */ = {isa = PBXFileReference; lastKnownFileType = sourcecode.swift; path = WeekForecastViewController.swift; sourceTree = "<group>"; };
		10164547272FBF6100168049 /* CustomTableViewCell.swift */ = {isa = PBXFileReference; lastKnownFileType = sourcecode.swift; path = CustomTableViewCell.swift; sourceTree = "<group>"; };
		10164548272FBF6100168049 /* CustomTableViewCell.xib */ = {isa = PBXFileReference; lastKnownFileType = file.xib; path = CustomTableViewCell.xib; sourceTree = "<group>"; };
		10AD2189272F1A4800F1FDAD /* WeatherManager.swift */ = {isa = PBXFileReference; lastKnownFileType = sourcecode.swift; path = WeatherManager.swift; sourceTree = "<group>"; };
		10AD218C272F1A7800F1FDAD /* WeatherData.swift */ = {isa = PBXFileReference; lastKnownFileType = sourcecode.swift; path = WeatherData.swift; sourceTree = "<group>"; };
		10AD218E272F1A8F00F1FDAD /* WeatherModel.swift */ = {isa = PBXFileReference; lastKnownFileType = sourcecode.swift; path = WeatherModel.swift; sourceTree = "<group>"; };
/* End PBXFileReference section */

/* Begin PBXFrameworksBuildPhase section */
		100AEB90272DA89700C82203 /* Frameworks */ = {
			isa = PBXFrameworksBuildPhase;
			buildActionMask = 2147483647;
			files = (
			);
			runOnlyForDeploymentPostprocessing = 0;
		};
/* End PBXFrameworksBuildPhase section */

/* Begin PBXGroup section */
		100AEB8A272DA89700C82203 = {
			isa = PBXGroup;
			children = (
				100AEB95272DA89700C82203 /* ClearWeather */,
				100AEB94272DA89700C82203 /* Products */,
			);
			sourceTree = "<group>";
		};
		100AEB94272DA89700C82203 /* Products */ = {
			isa = PBXGroup;
			children = (
				100AEB93272DA89700C82203 /* ClearWeather.app */,
			);
			name = Products;
			sourceTree = "<group>";
		};
		100AEB95272DA89700C82203 /* ClearWeather */ = {
			isa = PBXGroup;
			children = (
				10AD218B272F1A5000F1FDAD /* Model */,
				100AEB96272DA89700C82203 /* AppDelegate.swift */,
				100AEB98272DA89700C82203 /* SceneDelegate.swift */,
				100AEB9C272DA89700C82203 /* Main.storyboard */,
				100AEB9F272DA89800C82203 /* Assets.xcassets */,
				100AEBA1272DA89800C82203 /* LaunchScreen.storyboard */,
				100AEBA4272DA89800C82203 /* Info.plist */,
			);
			path = ClearWeather;
			sourceTree = "<group>";
		};
		10AD218B272F1A5000F1FDAD /* Model */ = {
			isa = PBXGroup;
			children = (
				10AD2189272F1A4800F1FDAD /* WeatherManager.swift */,
				10AD218C272F1A7800F1FDAD /* WeatherData.swift */,
				10AD218E272F1A8F00F1FDAD /* WeatherModel.swift */,
				10AD2190272F1AB600F1FDAD /* Controller */,
			);
			path = Model;
			sourceTree = "<group>";
		};
		10AD2190272F1AB600F1FDAD /* Controller */ = {
			isa = PBXGroup;
			children = (
				100AEB9A272DA89700C82203 /* TodayForecastViewController.swift */,
				100AEBAA272DB35B00C82203 /* WeekForecastViewController.swift */,
				10164547272FBF6100168049 /* CustomTableViewCell.swift */,
				10164548272FBF6100168049 /* CustomTableViewCell.xib */,
			);
			path = Controller;
			sourceTree = "<group>";
		};
/* End PBXGroup section */

/* Begin PBXNativeTarget section */
		100AEB92272DA89700C82203 /* ClearWeather */ = {
			isa = PBXNativeTarget;
			buildConfigurationList = 100AEBA7272DA89800C82203 /* Build configuration list for PBXNativeTarget "ClearWeather" */;
			buildPhases = (
				100AEB8F272DA89700C82203 /* Sources */,
				100AEB90272DA89700C82203 /* Frameworks */,
				100AEB91272DA89700C82203 /* Resources */,
			);
			buildRules = (
			);
			dependencies = (
			);
			name = ClearWeather;
			productName = ClearWeather;
			productReference = 100AEB93272DA89700C82203 /* ClearWeather.app */;
			productType = "com.apple.product-type.application";
		};
/* End PBXNativeTarget section */

/* Begin PBXProject section */
		100AEB8B272DA89700C82203 /* Project object */ = {
			isa = PBXProject;
			attributes = {
				BuildIndependentTargetsInParallel = 1;
				LastSwiftUpdateCheck = 1310;
				LastUpgradeCheck = 1310;
				TargetAttributes = {
					100AEB92272DA89700C82203 = {
						CreatedOnToolsVersion = 13.1;
					};
				};
			};
			buildConfigurationList = 100AEB8E272DA89700C82203 /* Build configuration list for PBXProject "ClearWeather" */;
			compatibilityVersion = "Xcode 13.0";
			developmentRegion = en;
			hasScannedForEncodings = 0;
			knownRegions = (
				en,
				Base,
			);
			mainGroup = 100AEB8A272DA89700C82203;
			productRefGroup = 100AEB94272DA89700C82203 /* Products */;
			projectDirPath = "";
			projectRoot = "";
			targets = (
				100AEB92272DA89700C82203 /* ClearWeather */,
			);
		};
/* End PBXProject section */

/* Begin PBXResourcesBuildPhase section */
		100AEB91272DA89700C82203 /* Resources */ = {
			isa = PBXResourcesBuildPhase;
			buildActionMask = 2147483647;
			files = (
				100AEBA3272DA89800C82203 /* LaunchScreen.storyboard in Resources */,
				100AEBA0272DA89800C82203 /* Assets.xcassets in Resources */,
				1016454A272FBF6100168049 /* CustomTableViewCell.xib in Resources */,
				100AEB9E272DA89700C82203 /* Main.storyboard in Resources */,
			);
			runOnlyForDeploymentPostprocessing = 0;
		};
/* End PBXResourcesBuildPhase section */

/* Begin PBXSourcesBuildPhase section */
		100AEB8F272DA89700C82203 /* Sources */ = {
			isa = PBXSourcesBuildPhase;
			buildActionMask = 2147483647;
			files = (
				100AEB9B272DA89700C82203 /* TodayForecastViewController.swift in Sources */,
				100AEB97272DA89700C82203 /* AppDelegate.swift in Sources */,
				10164549272FBF6100168049 /* CustomTableViewCell.swift in Sources */,
				10AD218A272F1A4800F1FDAD /* WeatherManager.swift in Sources */,
				10AD218F272F1A8F00F1FDAD /* WeatherModel.swift in Sources */,
				100AEBAB272DB35B00C82203 /* WeekForecastViewController.swift in Sources */,
				10AD218D272F1A7800F1FDAD /* WeatherData.swift in Sources */,
				100AEB99272DA89700C82203 /* SceneDelegate.swift in Sources */,
			);
			runOnlyForDeploymentPostprocessing = 0;
		};
/* End PBXSourcesBuildPhase section */

/* Begin PBXVariantGroup section */
		100AEB9C272DA89700C82203 /* Main.storyboard */ = {
			isa = PBXVariantGroup;
			children = (
				100AEB9D272DA89700C82203 /* Base */,
			);
			name = Main.storyboard;
			sourceTree = "<group>";
		};
		100AEBA1272DA89800C82203 /* LaunchScreen.storyboard */ = {
			isa = PBXVariantGroup;
			children = (
				100AEBA2272DA89800C82203 /* Base */,
			);
			name = LaunchScreen.storyboard;
			sourceTree = "<group>";
		};
/* End PBXVariantGroup section */

/* Begin XCBuildConfiguration section */
		100AEBA5272DA89800C82203 /* Debug */ = {
			isa = XCBuildConfiguration;
			buildSettings = {
				ALWAYS_SEARCH_USER_PATHS = NO;
				CLANG_ANALYZER_NONNULL = YES;
				CLANG_ANALYZER_NUMBER_OBJECT_CONVERSION = YES_AGGRESSIVE;
				CLANG_CXX_LANGUAGE_STANDARD = "gnu++17";
				CLANG_CXX_LIBRARY = "libc++";
				CLANG_ENABLE_MODULES = YES;
				CLANG_ENABLE_OBJC_ARC = YES;
				CLANG_ENABLE_OBJC_WEAK = YES;
				CLANG_WARN_BLOCK_CAPTURE_AUTORELEASING = YES;
				CLANG_WARN_BOOL_CONVERSION = YES;
				CLANG_WARN_COMMA = YES;
				CLANG_WARN_CONSTANT_CONVERSION = YES;
				CLANG_WARN_DEPRECATED_OBJC_IMPLEMENTATIONS = YES;
				CLANG_WARN_DIRECT_OBJC_ISA_USAGE = YES_ERROR;
				CLANG_WARN_DOCUMENTATION_COMMENTS = YES;
				CLANG_WARN_EMPTY_BODY = YES;
				CLANG_WARN_ENUM_CONVERSION = YES;
				CLANG_WARN_INFINITE_RECURSION = YES;
				CLANG_WARN_INT_CONVERSION = YES;
				CLANG_WARN_NON_LITERAL_NULL_CONVERSION = YES;
				CLANG_WARN_OBJC_IMPLICIT_RETAIN_SELF = YES;
				CLANG_WARN_OBJC_LITERAL_CONVERSION = YES;
				CLANG_WARN_OBJC_ROOT_CLASS = YES_ERROR;
				CLANG_WARN_QUOTED_INCLUDE_IN_FRAMEWORK_HEADER = YES;
				CLANG_WARN_RANGE_LOOP_ANALYSIS = YES;
				CLANG_WARN_STRICT_PROTOTYPES = YES;
				CLANG_WARN_SUSPICIOUS_MOVE = YES;
				CLANG_WARN_UNGUARDED_AVAILABILITY = YES_AGGRESSIVE;
				CLANG_WARN_UNREACHABLE_CODE = YES;
				CLANG_WARN__DUPLICATE_METHOD_MATCH = YES;
				COPY_PHASE_STRIP = NO;
				DEBUG_INFORMATION_FORMAT = dwarf;
				ENABLE_STRICT_OBJC_MSGSEND = YES;
				ENABLE_TESTABILITY = YES;
				GCC_C_LANGUAGE_STANDARD = gnu11;
				GCC_DYNAMIC_NO_PIC = NO;
				GCC_NO_COMMON_BLOCKS = YES;
				GCC_OPTIMIZATION_LEVEL = 0;
				GCC_PREPROCESSOR_DEFINITIONS = (
					"DEBUG=1",
					"$(inherited)",
				);
				GCC_WARN_64_TO_32_BIT_CONVERSION = YES;
				GCC_WARN_ABOUT_RETURN_TYPE = YES_ERROR;
				GCC_WARN_UNDECLARED_SELECTOR = YES;
				GCC_WARN_UNINITIALIZED_AUTOS = YES_AGGRESSIVE;
				GCC_WARN_UNUSED_FUNCTION = YES;
				GCC_WARN_UNUSED_VARIABLE = YES;
				IPHONEOS_DEPLOYMENT_TARGET = 15.0;
				MTL_ENABLE_DEBUG_INFO = INCLUDE_SOURCE;
				MTL_FAST_MATH = YES;
				ONLY_ACTIVE_ARCH = YES;
				SDKROOT = iphoneos;
				SWIFT_ACTIVE_COMPILATION_CONDITIONS = DEBUG;
				SWIFT_OPTIMIZATION_LEVEL = "-Onone";
			};
			name = Debug;
		};
		100AEBA6272DA89800C82203 /* Release */ = {
			isa = XCBuildConfiguration;
			buildSettings = {
				ALWAYS_SEARCH_USER_PATHS = NO;
				CLANG_ANALYZER_NONNULL = YES;
				CLANG_ANALYZER_NUMBER_OBJECT_CONVERSION = YES_AGGRESSIVE;
				CLANG_CXX_LANGUAGE_STANDARD = "gnu++17";
				CLANG_CXX_LIBRARY = "libc++";
				CLANG_ENABLE_MODULES = YES;
				CLANG_ENABLE_OBJC_ARC = YES;
				CLANG_ENABLE_OBJC_WEAK = YES;
				CLANG_WARN_BLOCK_CAPTURE_AUTORELEASING = YES;
				CLANG_WARN_BOOL_CONVERSION = YES;
				CLANG_WARN_COMMA = YES;
				CLANG_WARN_CONSTANT_CONVERSION = YES;
				CLANG_WARN_DEPRECATED_OBJC_IMPLEMENTATIONS = YES;
				CLANG_WARN_DIRECT_OBJC_ISA_USAGE = YES_ERROR;
				CLANG_WARN_DOCUMENTATION_COMMENTS = YES;
				CLANG_WARN_EMPTY_BODY = YES;
				CLANG_WARN_ENUM_CONVERSION = YES;
				CLANG_WARN_INFINITE_RECURSION = YES;
				CLANG_WARN_INT_CONVERSION = YES;
				CLANG_WARN_NON_LITERAL_NULL_CONVERSION = YES;
				CLANG_WARN_OBJC_IMPLICIT_RETAIN_SELF = YES;
				CLANG_WARN_OBJC_LITERAL_CONVERSION = YES;
				CLANG_WARN_OBJC_ROOT_CLASS = YES_ERROR;
				CLANG_WARN_QUOTED_INCLUDE_IN_FRAMEWORK_HEADER = YES;
				CLANG_WARN_RANGE_LOOP_ANALYSIS = YES;
				CLANG_WARN_STRICT_PROTOTYPES = YES;
				CLANG_WARN_SUSPICIOUS_MOVE = YES;
				CLANG_WARN_UNGUARDED_AVAILABILITY = YES_AGGRESSIVE;
				CLANG_WARN_UNREACHABLE_CODE = YES;
				CLANG_WARN__DUPLICATE_METHOD_MATCH = YES;
				COPY_PHASE_STRIP = NO;
				DEBUG_INFORMATION_FORMAT = "dwarf-with-dsym";
				ENABLE_NS_ASSERTIONS = NO;
				ENABLE_STRICT_OBJC_MSGSEND = YES;
				GCC_C_LANGUAGE_STANDARD = gnu11;
				GCC_NO_COMMON_BLOCKS = YES;
				GCC_WARN_64_TO_32_BIT_CONVERSION = YES;
				GCC_WARN_ABOUT_RETURN_TYPE = YES_ERROR;
				GCC_WARN_UNDECLARED_SELECTOR = YES;
				GCC_WARN_UNINITIALIZED_AUTOS = YES_AGGRESSIVE;
				GCC_WARN_UNUSED_FUNCTION = YES;
				GCC_WARN_UNUSED_VARIABLE = YES;
				IPHONEOS_DEPLOYMENT_TARGET = 15.0;
				MTL_ENABLE_DEBUG_INFO = NO;
				MTL_FAST_MATH = YES;
				SDKROOT = iphoneos;
				SWIFT_COMPILATION_MODE = wholemodule;
				SWIFT_OPTIMIZATION_LEVEL = "-O";
				VALIDATE_PRODUCT = YES;
			};
			name = Release;
		};
		100AEBA8272DA89800C82203 /* Debug */ = {
			isa = XCBuildConfiguration;
			buildSettings = {
				ASSETCATALOG_COMPILER_APPICON_NAME = AppIcon;
				ASSETCATALOG_COMPILER_GLOBAL_ACCENT_COLOR_NAME = AccentColor;
				CODE_SIGN_STYLE = Automatic;
				CURRENT_PROJECT_VERSION = 1;
				DEVELOPMENT_TEAM = T5TU43N9GV;
				GENERATE_INFOPLIST_FILE = YES;
				INFOPLIST_FILE = ClearWeather/Info.plist;
				INFOPLIST_KEY_UIApplicationSupportsIndirectInputEvents = YES;
				INFOPLIST_KEY_UILaunchStoryboardName = LaunchScreen;
				INFOPLIST_KEY_UIMainStoryboardFile = Main;
				INFOPLIST_KEY_UISupportedInterfaceOrientations = UIInterfaceOrientationPortrait;
				INFOPLIST_KEY_UISupportedInterfaceOrientations_iPad = "UIInterfaceOrientationPortrait UIInterfaceOrientationPortraitUpsideDown UIInterfaceOrientationLandscapeLeft UIInterfaceOrientationLandscapeRight";
				INFOPLIST_KEY_UISupportedInterfaceOrientations_iPhone = "UIInterfaceOrientationPortrait UIInterfaceOrientationLandscapeLeft UIInterfaceOrientationLandscapeRight";
				LD_RUNPATH_SEARCH_PATHS = (
					"$(inherited)",
					"@executable_path/Frameworks",
				);
				MARKETING_VERSION = 1.0;
				PRODUCT_BUNDLE_IDENTIFIER = nqgural.ClearWeather;
				PRODUCT_NAME = "$(TARGET_NAME)";
				SWIFT_EMIT_LOC_STRINGS = YES;
				SWIFT_VERSION = 5.0;
				TARGETED_DEVICE_FAMILY = 1;
			};
			name = Debug;
		};
		100AEBA9272DA89800C82203 /* Release */ = {
			isa = XCBuildConfiguration;
			buildSettings = {
				ASSETCATALOG_COMPILER_APPICON_NAME = AppIcon;
				ASSETCATALOG_COMPILER_GLOBAL_ACCENT_COLOR_NAME = AccentColor;
				CODE_SIGN_STYLE = Automatic;
				CURRENT_PROJECT_VERSION = 1;
				DEVELOPMENT_TEAM = T5TU43N9GV;
				GENERATE_INFOPLIST_FILE = YES;
				INFOPLIST_FILE = ClearWeather/Info.plist;
				INFOPLIST_KEY_UIApplicationSupportsIndirectInputEvents = YES;
				INFOPLIST_KEY_UILaunchStoryboardName = LaunchScreen;
				INFOPLIST_KEY_UIMainStoryboardFile = Main;
				INFOPLIST_KEY_UISupportedInterfaceOrientations = UIInterfaceOrientationPortrait;
				INFOPLIST_KEY_UISupportedInterfaceOrientations_iPad = "UIInterfaceOrientationPortrait UIInterfaceOrientationPortraitUpsideDown UIInterfaceOrientationLandscapeLeft UIInterfaceOrientationLandscapeRight";
				INFOPLIST_KEY_UISupportedInterfaceOrientations_iPhone = "UIInterfaceOrientationPortrait UIInterfaceOrientationLandscapeLeft UIInterfaceOrientationLandscapeRight";
				LD_RUNPATH_SEARCH_PATHS = (
					"$(inherited)",
					"@executable_path/Frameworks",
				);
				MARKETING_VERSION = 1.0;
				PRODUCT_BUNDLE_IDENTIFIER = nqgural.ClearWeather;
				PRODUCT_NAME = "$(TARGET_NAME)";
				SWIFT_EMIT_LOC_STRINGS = YES;
				SWIFT_VERSION = 5.0;
				TARGETED_DEVICE_FAMILY = 1;
			};
			name = Release;
		};
/* End XCBuildConfiguration section */

/* Begin XCConfigurationList section */
		100AEB8E272DA89700C82203 /* Build configuration list for PBXProject "ClearWeather" */ = {
			isa = XCConfigurationList;
			buildConfigurations = (
				100AEBA5272DA89800C82203 /* Debug */,
				100AEBA6272DA89800C82203 /* Release */,
			);
			defaultConfigurationIsVisible = 0;
			defaultConfigurationName = Release;
		};
		100AEBA7272DA89800C82203 /* Build configuration list for PBXNativeTarget "ClearWeather" */ = {
			isa = XCConfigurationList;
			buildConfigurations = (
				100AEBA8272DA89800C82203 /* Debug */,
				100AEBA9272DA89800C82203 /* Release */,
			);
			defaultConfigurationIsVisible = 0;
			defaultConfigurationName = Release;
		};
/* End XCConfigurationList section */
	};
	rootObject = 100AEB8B272DA89700C82203 /* Project object */;
}
